// !$*UTF8*$!
{
	archiveVersion = 1;
	classes = {
	};
	objectVersion = 50;
	objects = {

/* Begin PBXBuildFile section */
		1861303826568FB80073FDAC /* AppDelegate.swift in Sources */ = {isa = PBXBuildFile; fileRef = 1861303726568FB80073FDAC /* AppDelegate.swift */; };
		1861303A26568FB80073FDAC /* SceneDelegate.swift in Sources */ = {isa = PBXBuildFile; fileRef = 1861303926568FB80073FDAC /* SceneDelegate.swift */; };
		1861303C26568FB80073FDAC /* ContentView.swift in Sources */ = {isa = PBXBuildFile; fileRef = 1861303B26568FB80073FDAC /* ContentView.swift */; };
		1861303E26568FB90073FDAC /* Assets.xcassets in Resources */ = {isa = PBXBuildFile; fileRef = 1861303D26568FB90073FDAC /* Assets.xcassets */; };
		1861304126568FB90073FDAC /* Preview Assets.xcassets in Resources */ = {isa = PBXBuildFile; fileRef = 1861304026568FB90073FDAC /* Preview Assets.xcassets */; };
		1861304426568FB90073FDAC /* LaunchScreen.storyboard in Resources */ = {isa = PBXBuildFile; fileRef = 1861304226568FB90073FDAC /* LaunchScreen.storyboard */; };
		1861304D2656905B0073FDAC /* Font+Extension.swift in Sources */ = {isa = PBXBuildFile; fileRef = 1861304C2656905B0073FDAC /* Font+Extension.swift */; };
		186130502656908A0073FDAC /* Color+Extension.swift in Sources */ = {isa = PBXBuildFile; fileRef = 1861304F2656908A0073FDAC /* Color+Extension.swift */; };
		18613057265691DA0073FDAC /* OpenSans-Bold.ttf in Resources */ = {isa = PBXBuildFile; fileRef = 18613053265691DA0073FDAC /* OpenSans-Bold.ttf */; };
		1861305A265691DA0073FDAC /* OpenSans-Regular.ttf in Resources */ = {isa = PBXBuildFile; fileRef = 18613056265691DA0073FDAC /* OpenSans-Regular.ttf */; };
		1861305C265692120073FDAC /* NotoSansCJKkr-Bold.otf in Resources */ = {isa = PBXBuildFile; fileRef = 1861305E265692120073FDAC /* NotoSansCJKkr-Bold.otf */; };
		18613060265692190073FDAC /* NotoSansCJKkr-Regular.otf in Resources */ = {isa = PBXBuildFile; fileRef = 18613062265692190073FDAC /* NotoSansCJKkr-Regular.otf */; };
/* End PBXBuildFile section */

/* Begin PBXFileReference section */
		1861303426568FB80073FDAC /* FirstPart.app */ = {isa = PBXFileReference; explicitFileType = wrapper.application; includeInIndex = 0; path = FirstPart.app; sourceTree = BUILT_PRODUCTS_DIR; };
		1861303726568FB80073FDAC /* AppDelegate.swift */ = {isa = PBXFileReference; lastKnownFileType = sourcecode.swift; path = AppDelegate.swift; sourceTree = "<group>"; };
		1861303926568FB80073FDAC /* SceneDelegate.swift */ = {isa = PBXFileReference; lastKnownFileType = sourcecode.swift; path = SceneDelegate.swift; sourceTree = "<group>"; };
		1861303B26568FB80073FDAC /* ContentView.swift */ = {isa = PBXFileReference; lastKnownFileType = sourcecode.swift; path = ContentView.swift; sourceTree = "<group>"; };
		1861303D26568FB90073FDAC /* Assets.xcassets */ = {isa = PBXFileReference; lastKnownFileType = folder.assetcatalog; path = Assets.xcassets; sourceTree = "<group>"; };
		1861304026568FB90073FDAC /* Preview Assets.xcassets */ = {isa = PBXFileReference; lastKnownFileType = folder.assetcatalog; path = "Preview Assets.xcassets"; sourceTree = "<group>"; };
		1861304326568FB90073FDAC /* Base */ = {isa = PBXFileReference; lastKnownFileType = file.storyboard; name = Base; path = Base.lproj/LaunchScreen.storyboard; sourceTree = "<group>"; };
		1861304526568FB90073FDAC /* Info.plist */ = {isa = PBXFileReference; lastKnownFileType = text.plist.xml; path = Info.plist; sourceTree = "<group>"; };
		1861304C2656905B0073FDAC /* Font+Extension.swift */ = {isa = PBXFileReference; lastKnownFileType = sourcecode.swift; path = "Font+Extension.swift"; sourceTree = "<group>"; };
		1861304F2656908A0073FDAC /* Color+Extension.swift */ = {isa = PBXFileReference; lastKnownFileType = sourcecode.swift; path = "Color+Extension.swift"; sourceTree = "<group>"; };
		18613053265691DA0073FDAC /* OpenSans-Bold.ttf */ = {isa = PBXFileReference; lastKnownFileType = file; path = "OpenSans-Bold.ttf"; sourceTree = "<group>"; };
		18613056265691DA0073FDAC /* OpenSans-Regular.ttf */ = {isa = PBXFileReference; lastKnownFileType = file; path = "OpenSans-Regular.ttf"; sourceTree = "<group>"; };
		1861305D265692120073FDAC /* Base */ = {isa = PBXFileReference; lastKnownFileType = file; name = Base; path = "Base.lproj/NotoSansCJKkr-Bold.otf"; sourceTree = "<group>"; };
		18613061265692190073FDAC /* Base */ = {isa = PBXFileReference; lastKnownFileType = file; name = Base; path = "Base.lproj/NotoSansCJKkr-Regular.otf"; sourceTree = "<group>"; };
/* End PBXFileReference section */

/* Begin PBXFrameworksBuildPhase section */
		1861303126568FB80073FDAC /* Frameworks */ = {
			isa = PBXFrameworksBuildPhase;
			buildActionMask = 2147483647;
			files = (
			);
			runOnlyForDeploymentPostprocessing = 0;
		};
/* End PBXFrameworksBuildPhase section */

/* Begin PBXGroup section */
		1861302B26568FB80073FDAC = {
			isa = PBXGroup;
			children = (
				1861303626568FB80073FDAC /* FirstPart */,
				1861303526568FB80073FDAC /* Products */,
			);
			sourceTree = "<group>";
		};
		1861303526568FB80073FDAC /* Products */ = {
			isa = PBXGroup;
			children = (
				1861303426568FB80073FDAC /* FirstPart.app */,
			);
			name = Products;
			sourceTree = "<group>";
		};
		1861303626568FB80073FDAC /* FirstPart */ = {
			isa = PBXGroup;
			children = (
				18613052265691B40073FDAC /* Fonts */,
				1861303726568FB80073FDAC /* AppDelegate.swift */,
				1861303926568FB80073FDAC /* SceneDelegate.swift */,
				1861303B26568FB80073FDAC /* ContentView.swift */,
				1861303D26568FB90073FDAC /* Assets.xcassets */,
				1861304226568FB90073FDAC /* LaunchScreen.storyboard */,
				1861304526568FB90073FDAC /* Info.plist */,
				1861303F26568FB90073FDAC /* Preview Content */,
				1861304C2656905B0073FDAC /* Font+Extension.swift */,
				1861304F2656908A0073FDAC /* Color+Extension.swift */,
			);
			path = FirstPart;
			sourceTree = "<group>";
		};
		1861303F26568FB90073FDAC /* Preview Content */ = {
			isa = PBXGroup;
			children = (
				1861304026568FB90073FDAC /* Preview Assets.xcassets */,
			);
			path = "Preview Content";
			sourceTree = "<group>";
		};
		18613052265691B40073FDAC /* Fonts */ = {
			isa = PBXGroup;
			children = (
				1861305E265692120073FDAC /* NotoSansCJKkr-Bold.otf */,
				18613062265692190073FDAC /* NotoSansCJKkr-Regular.otf */,
				18613053265691DA0073FDAC /* OpenSans-Bold.ttf */,
				18613056265691DA0073FDAC /* OpenSans-Regular.ttf */,
			);
			path = Fonts;
			sourceTree = "<group>";
		};
/* End PBXGroup section */

/* Begin PBXNativeTarget section */
		1861303326568FB80073FDAC /* FirstPart */ = {
			isa = PBXNativeTarget;
			buildConfigurationList = 1861304826568FB90073FDAC /* Build configuration list for PBXNativeTarget "FirstPart" */;
			buildPhases = (
				1861303026568FB80073FDAC /* Sources */,
				1861303126568FB80073FDAC /* Frameworks */,
				1861303226568FB80073FDAC /* Resources */,
			);
			buildRules = (
			);
			dependencies = (
			);
			name = FirstPart;
			productName = FirstPart;
			productReference = 1861303426568FB80073FDAC /* FirstPart.app */;
			productType = "com.apple.product-type.application";
		};
/* End PBXNativeTarget section */

/* Begin PBXProject section */
		1861302C26568FB80073FDAC /* Project object */ = {
			isa = PBXProject;
			attributes = {
				LastSwiftUpdateCheck = 1240;
				LastUpgradeCheck = 1240;
				TargetAttributes = {
					1861303326568FB80073FDAC = {
						CreatedOnToolsVersion = 12.4;
					};
				};
			};
			buildConfigurationList = 1861302F26568FB80073FDAC /* Build configuration list for PBXProject "FirstPart" */;
			compatibilityVersion = "Xcode 9.3";
			developmentRegion = en;
			hasScannedForEncodings = 0;
			knownRegions = (
				en,
				Base,
			);
			mainGroup = 1861302B26568FB80073FDAC;
			productRefGroup = 1861303526568FB80073FDAC /* Products */;
			projectDirPath = "";
			projectRoot = "";
			targets = (
				1861303326568FB80073FDAC /* FirstPart */,
			);
		};
/* End PBXProject section */

/* Begin PBXResourcesBuildPhase section */
		1861303226568FB80073FDAC /* Resources */ = {
			isa = PBXResourcesBuildPhase;
			buildActionMask = 2147483647;
			files = (
				1861304426568FB90073FDAC /* LaunchScreen.storyboard in Resources */,
				18613060265692190073FDAC /* NotoSansCJKkr-Regular.otf in Resources */,
				1861305C265692120073FDAC /* NotoSansCJKkr-Bold.otf in Resources */,
				1861305A265691DA0073FDAC /* OpenSans-Regular.ttf in Resources */,
				1861304126568FB90073FDAC /* Preview Assets.xcassets in Resources */,
				18613057265691DA0073FDAC /* OpenSans-Bold.ttf in Resources */,
				1861303E26568FB90073FDAC /* Assets.xcassets in Resources */,
			);
			runOnlyForDeploymentPostprocessing = 0;
		};
/* End PBXResourcesBuildPhase section */

/* Begin PBXSourcesBuildPhase section */
		1861303026568FB80073FDAC /* Sources */ = {
			isa = PBXSourcesBuildPhase;
			buildActionMask = 2147483647;
			files = (
				1861303826568FB80073FDAC /* AppDelegate.swift in Sources */,
				186130502656908A0073FDAC /* Color+Extension.swift in Sources */,
				1861303A26568FB80073FDAC /* SceneDelegate.swift in Sources */,
				1861304D2656905B0073FDAC /* Font+Extension.swift in Sources */,
				1861303C26568FB80073FDAC /* ContentView.swift in Sources */,
			);
			runOnlyForDeploymentPostprocessing = 0;
		};
/* End PBXSourcesBuildPhase section */

/* Begin PBXVariantGroup section */
		1861304226568FB90073FDAC /* LaunchScreen.storyboard */ = {
			isa = PBXVariantGroup;
			children = (
				1861304326568FB90073FDAC /* Base */,
			);
			name = LaunchScreen.storyboard;
			sourceTree = "<group>";
		};
		1861305E265692120073FDAC /* NotoSansCJKkr-Bold.otf */ = {
			isa = PBXVariantGroup;
			children = (
				1861305D265692120073FDAC /* Base */,
			);
			name = "NotoSansCJKkr-Bold.otf";
			sourceTree = "<group>";
		};
		18613062265692190073FDAC /* NotoSansCJKkr-Regular.otf */ = {
			isa = PBXVariantGroup;
			children = (
				18613061265692190073FDAC /* Base */,
			);
			name = "NotoSansCJKkr-Regular.otf";
			sourceTree = "<group>";
		};
/* End PBXVariantGroup section */

/* Begin XCBuildConfiguration section */
		1861304626568FB90073FDAC /* Debug */ = {
			isa = XCBuildConfiguration;
			buildSettings = {
				ALWAYS_SEARCH_USER_PATHS = NO;
				CLANG_ANALYZER_NONNULL = YES;
				CLANG_ANALYZER_NUMBER_OBJECT_CONVERSION = YES_AGGRESSIVE;
				CLANG_CXX_LANGUAGE_STANDARD = "gnu++14";
				CLANG_CXX_LIBRARY = "libc++";
				CLANG_ENABLE_MODULES = YES;
				CLANG_ENABLE_OBJC_ARC = YES;
				CLANG_ENABLE_OBJC_WEAK = YES;
				CLANG_WARN_BLOCK_CAPTURE_AUTORELEASING = YES;
				CLANG_WARN_BOOL_CONVERSION = YES;
				CLANG_WARN_COMMA = YES;
				CLANG_WARN_CONSTANT_CONVERSION = YES;
				CLANG_WARN_DEPRECATED_OBJC_IMPLEMENTATIONS = YES;
				CLANG_WARN_DIRECT_OBJC_ISA_USAGE = YES_ERROR;
				CLANG_WARN_DOCUMENTATION_COMMENTS = YES;
				CLANG_WARN_EMPTY_BODY = YES;
				CLANG_WARN_ENUM_CONVERSION = YES;
				CLANG_WARN_INFINITE_RECURSION = YES;
				CLANG_WARN_INT_CONVERSION = YES;
				CLANG_WARN_NON_LITERAL_NULL_CONVERSION = YES;
				CLANG_WARN_OBJC_IMPLICIT_RETAIN_SELF = YES;
				CLANG_WARN_OBJC_LITERAL_CONVERSION = YES;
				CLANG_WARN_OBJC_ROOT_CLASS = YES_ERROR;
				CLANG_WARN_QUOTED_INCLUDE_IN_FRAMEWORK_HEADER = YES;
				CLANG_WARN_RANGE_LOOP_ANALYSIS = YES;
				CLANG_WARN_STRICT_PROTOTYPES = YES;
				CLANG_WARN_SUSPICIOUS_MOVE = YES;
				CLANG_WARN_UNGUARDED_AVAILABILITY = YES_AGGRESSIVE;
				CLANG_WARN_UNREACHABLE_CODE = YES;
				CLANG_WARN__DUPLICATE_METHOD_MATCH = YES;
				COPY_PHASE_STRIP = NO;
				DEBUG_INFORMATION_FORMAT = dwarf;
				ENABLE_STRICT_OBJC_MSGSEND = YES;
				ENABLE_TESTABILITY = YES;
				GCC_C_LANGUAGE_STANDARD = gnu11;
				GCC_DYNAMIC_NO_PIC = NO;
				GCC_NO_COMMON_BLOCKS = YES;
				GCC_OPTIMIZATION_LEVEL = 0;
				GCC_PREPROCESSOR_DEFINITIONS = (
					"DEBUG=1",
					"$(inherited)",
				);
				GCC_WARN_64_TO_32_BIT_CONVERSION = YES;
				GCC_WARN_ABOUT_RETURN_TYPE = YES_ERROR;
				GCC_WARN_UNDECLARED_SELECTOR = YES;
				GCC_WARN_UNINITIALIZED_AUTOS = YES_AGGRESSIVE;
				GCC_WARN_UNUSED_FUNCTION = YES;
				GCC_WARN_UNUSED_VARIABLE = YES;
				IPHONEOS_DEPLOYMENT_TARGET = 14.4;
				MTL_ENABLE_DEBUG_INFO = INCLUDE_SOURCE;
				MTL_FAST_MATH = YES;
				ONLY_ACTIVE_ARCH = YES;
				SDKROOT = iphoneos;
				SWIFT_ACTIVE_COMPILATION_CONDITIONS = DEBUG;
				SWIFT_OPTIMIZATION_LEVEL = "-Onone";
			};
			name = Debug;
		};
		1861304726568FB90073FDAC /* Release */ = {
			isa = XCBuildConfiguration;
			buildSettings = {
				ALWAYS_SEARCH_USER_PATHS = NO;
				CLANG_ANALYZER_NONNULL = YES;
				CLANG_ANALYZER_NUMBER_OBJECT_CONVERSION = YES_AGGRESSIVE;
				CLANG_CXX_LANGUAGE_STANDARD = "gnu++14";
				CLANG_CXX_LIBRARY = "libc++";
				CLANG_ENABLE_MODULES = YES;
				CLANG_ENABLE_OBJC_ARC = YES;
				CLANG_ENABLE_OBJC_WEAK = YES;
				CLANG_WARN_BLOCK_CAPTURE_AUTORELEASING = YES;
				CLANG_WARN_BOOL_CONVERSION = YES;
				CLANG_WARN_COMMA = YES;
				CLANG_WARN_CONSTANT_CONVERSION = YES;
				CLANG_WARN_DEPRECATED_OBJC_IMPLEMENTATIONS = YES;
				CLANG_WARN_DIRECT_OBJC_ISA_USAGE = YES_ERROR;
				CLANG_WARN_DOCUMENTATION_COMMENTS = YES;
				CLANG_WARN_EMPTY_BODY = YES;
				CLANG_WARN_ENUM_CONVERSION = YES;
				CLANG_WARN_INFINITE_RECURSION = YES;
				CLANG_WARN_INT_CONVERSION = YES;
				CLANG_WARN_NON_LITERAL_NULL_CONVERSION = YES;
				CLANG_WARN_OBJC_IMPLICIT_RETAIN_SELF = YES;
				CLANG_WARN_OBJC_LITERAL_CONVERSION = YES;
				CLANG_WARN_OBJC_ROOT_CLASS = YES_ERROR;
				CLANG_WARN_QUOTED_INCLUDE_IN_FRAMEWORK_HEADER = YES;
				CLANG_WARN_RANGE_LOOP_ANALYSIS = YES;
				CLANG_WARN_STRICT_PROTOTYPES = YES;
				CLANG_WARN_SUSPICIOUS_MOVE = YES;
				CLANG_WARN_UNGUARDED_AVAILABILITY = YES_AGGRESSIVE;
				CLANG_WARN_UNREACHABLE_CODE = YES;
				CLANG_WARN__DUPLICATE_METHOD_MATCH = YES;
				COPY_PHASE_STRIP = NO;
				DEBUG_INFORMATION_FORMAT = "dwarf-with-dsym";
				ENABLE_NS_ASSERTIONS = NO;
				ENABLE_STRICT_OBJC_MSGSEND = YES;
				GCC_C_LANGUAGE_STANDARD = gnu11;
				GCC_NO_COMMON_BLOCKS = YES;
				GCC_WARN_64_TO_32_BIT_CONVERSION = YES;
				GCC_WARN_ABOUT_RETURN_TYPE = YES_ERROR;
				GCC_WARN_UNDECLARED_SELECTOR = YES;
				GCC_WARN_UNINITIALIZED_AUTOS = YES_AGGRESSIVE;
				GCC_WARN_UNUSED_FUNCTION = YES;
				GCC_WARN_UNUSED_VARIABLE = YES;
				IPHONEOS_DEPLOYMENT_TARGET = 14.4;
				MTL_ENABLE_DEBUG_INFO = NO;
				MTL_FAST_MATH = YES;
				SDKROOT = iphoneos;
				SWIFT_COMPILATION_MODE = wholemodule;
				SWIFT_OPTIMIZATION_LEVEL = "-O";
				VALIDATE_PRODUCT = YES;
			};
			name = Release;
		};
		1861304926568FB90073FDAC /* Debug */ = {
			isa = XCBuildConfiguration;
			buildSettings = {
				ASSETCATALOG_COMPILER_APPICON_NAME = AppIcon;
				ASSETCATALOG_COMPILER_GLOBAL_ACCENT_COLOR_NAME = AccentColor;
				CODE_SIGN_STYLE = Automatic;
				DEVELOPMENT_ASSET_PATHS = "\"FirstPart/Preview Content\"";
				DEVELOPMENT_TEAM = 4FTFKXF8N5;
				ENABLE_PREVIEWS = YES;
				INFOPLIST_FILE = FirstPart/Info.plist;
				LD_RUNPATH_SEARCH_PATHS = (
					"$(inherited)",
					"@executable_path/Frameworks",
				);
				PRODUCT_BUNDLE_IDENTIFIER = com.JeongminKim.FirstPart;
				PRODUCT_NAME = "$(TARGET_NAME)";
				SWIFT_VERSION = 5.0;
				TARGETED_DEVICE_FAMILY = "1,2";
			};
			name = Debug;
		};
		1861304A26568FB90073FDAC /* Release */ = {
			isa = XCBuildConfiguration;
			buildSettings = {
				ASSETCATALOG_COMPILER_APPICON_NAME = AppIcon;
				ASSETCATALOG_COMPILER_GLOBAL_ACCENT_COLOR_NAME = AccentColor;
				CODE_SIGN_STYLE = Automatic;
				DEVELOPMENT_ASSET_PATHS = "\"FirstPart/Preview Content\"";
				DEVELOPMENT_TEAM = 4FTFKXF8N5;
				ENABLE_PREVIEWS = YES;
				INFOPLIST_FILE = FirstPart/Info.plist;
				LD_RUNPATH_SEARCH_PATHS = (
					"$(inherited)",
					"@executable_path/Frameworks",
				);
				PRODUCT_BUNDLE_IDENTIFIER = com.JeongminKim.FirstPart;
				PRODUCT_NAME = "$(TARGET_NAME)";
				SWIFT_VERSION = 5.0;
				TARGETED_DEVICE_FAMILY = "1,2";
			};
			name = Release;
		};
/* End XCBuildConfiguration section */

/* Begin XCConfigurationList section */
		1861302F26568FB80073FDAC /* Build configuration list for PBXProject "FirstPart" */ = {
			isa = XCConfigurationList;
			buildConfigurations = (
				1861304626568FB90073FDAC /* Debug */,
				1861304726568FB90073FDAC /* Release */,
			);
			defaultConfigurationIsVisible = 0;
			defaultConfigurationName = Release;
		};
		1861304826568FB90073FDAC /* Build configuration list for PBXNativeTarget "FirstPart" */ = {
			isa = XCConfigurationList;
			buildConfigurations = (
				1861304926568FB90073FDAC /* Debug */,
				1861304A26568FB90073FDAC /* Release */,
			);
			defaultConfigurationIsVisible = 0;
			defaultConfigurationName = Release;
		};
/* End XCConfigurationList section */
	};
	rootObject = 1861302C26568FB80073FDAC /* Project object */;
}
